
Microsoft Visual Studio Solution File, Format Version 12.00
# Visual Studio 2013
VisualStudioVersion = 12.0.31101.0
MinimumVisualStudioVersion = 10.0.40219.1
Project("{FAE04EC0-301F-11D3-BF4B-00C04F79EFBC}") = "UserControlSamples", "UserControlSamples\UserControlSamples.csproj", "{EE31BCC3-0F55-4308-9BE4-9219D3FA5737}"
EndProject
Project("{FAE04EC0-301F-11D3-BF4B-00C04F79EFBC}") = "UCTextbox", "UCTextbox\UCTextbox.csproj", "{880EAF37-80FF-4131-9726-599B4A9C2B1A}"
EndProject
Project("{FAE04EC0-301F-11D3-BF4B-00C04F79EFBC}") = "UCBlinkTextblock", "UCBlinkTextblock\UCBlinkTextblock.csproj", "{F9A35274-AF38-4478-98DF-F63C767D48FA}"
EndProject
Project("{FAE04EC0-301F-11D3-BF4B-00C04F79EFBC}") = "UCBlinkTextbox", "UCBlinkTextbox\UCBlinkTextbox.csproj", "{3AFF4C85-BC90-43C1-BF12-09FB1557DD8D}"
EndProject
Project("{FAE04EC0-301F-11D3-BF4B-00C04F79EFBC}") = "UCCustomEventBox", "UCCustomEventBox\UCCustomEventBox.csproj", "{E26FBCF4-DA18-4F61-92EF-4DB2B90FC144}"
EndProject
Global
	GlobalSection(SolutionConfigurationPlatforms) = preSolution
		Debug|Any CPU = Debug|Any CPU
		Release|Any CPU = Release|Any CPU
	EndGlobalSection
	GlobalSection(ProjectConfigurationPlatforms) = postSolution
		{EE31BCC3-0F55-4308-9BE4-9219D3FA5737}.Debug|Any CPU.ActiveCfg = Debug|Any CPU
		{EE31BCC3-0F55-4308-9BE4-9219D3FA5737}.Debug|Any CPU.Build.0 = Debug|Any CPU
		{EE31BCC3-0F55-4308-9BE4-9219D3FA5737}.Release|Any CPU.ActiveCfg = Release|Any CPU
		{EE31BCC3-0F55-4308-9BE4-9219D3FA5737}.Release|Any CPU.Build.0 = Release|Any CPU
		{880EAF37-80FF-4131-9726-599B4A9C2B1A}.Debug|Any CPU.ActiveCfg = Debug|Any CPU
		{880EAF37-80FF-4131-9726-599B4A9C2B1A}.Debug|Any CPU.Build.0 = Debug|Any CPU
		{880EAF37-80FF-4131-9726-599B4A9C2B1A}.Release|Any CPU.ActiveCfg = Release|Any CPU
		{880EAF37-80FF-4131-9726-599B4A9C2B1A}.Release|Any CPU.Build.0 = Release|Any CPU
		{F9A35274-AF38-4478-98DF-F63C767D48FA}.Debug|Any CPU.ActiveCfg = Debug|Any CPU
		{F9A35274-AF38-4478-98DF-F63C767D48FA}.Debug|Any CPU.Build.0 = Debug|Any CPU
		{F9A35274-AF38-4478-98DF-F63C767D48FA}.Release|Any CPU.ActiveCfg = Release|Any CPU
		{F9A35274-AF38-4478-98DF-F63C767D48FA}.Release|Any CPU.Build.0 = Release|Any CPU
		{3AFF4C85-BC90-43C1-BF12-09FB1557DD8D}.Debug|Any CPU.ActiveCfg = Debug|Any CPU
		{3AFF4C85-BC90-43C1-BF12-09FB1557DD8D}.Debug|Any CPU.Build.0 = Debug|Any CPU
		{3AFF4C85-BC90-43C1-BF12-09FB1557DD8D}.Release|Any CPU.ActiveCfg = Release|Any CPU
		{3AFF4C85-BC90-43C1-BF12-09FB1557DD8D}.Release|Any CPU.Build.0 = Release|Any CPU
		{E26FBCF4-DA18-4F61-92EF-4DB2B90FC144}.Debug|Any CPU.ActiveCfg = Debug|Any CPU
		{E26FBCF4-DA18-4F61-92EF-4DB2B90FC144}.Debug|Any CPU.Build.0 = Debug|Any CPU
		{E26FBCF4-DA18-4F61-92EF-4DB2B90FC144}.Release|Any CPU.ActiveCfg = Release|Any CPU
		{E26FBCF4-DA18-4F61-92EF-4DB2B90FC144}.Release|Any CPU.Build.0 = Release|Any CPU
	EndGlobalSection
	GlobalSection(SolutionProperties) = preSolution
		HideSolutionNode = FALSE
	EndGlobalSection
EndGlobal
